
Microsoft Visual Studio Solution File, Format Version 12.00
Project("{FAE04EC0-301F-11D3-BF4B-00C04F79EFBC}") = "TP1_", "TP1_\TP1_.csproj", "{6DE8FFEE-E065-41AC-BB5E-547374E20731}"
EndProject
Global
	GlobalSection(SolutionConfigurationPlatforms) = preSolution
		Debug|Any CPU = Debug|Any CPU
		Release|Any CPU = Release|Any CPU
	EndGlobalSection
	GlobalSection(ProjectConfigurationPlatforms) = postSolution
		{6DE8FFEE-E065-41AC-BB5E-547374E20731}.Debug|Any CPU.ActiveCfg = Debug|Any CPU
		{6DE8FFEE-E065-41AC-BB5E-547374E20731}.Debug|Any CPU.Build.0 = Debug|Any CPU
		{6DE8FFEE-E065-41AC-BB5E-547374E20731}.Release|Any CPU.ActiveCfg = Release|Any CPU
		{6DE8FFEE-E065-41AC-BB5E-547374E20731}.Release|Any CPU.Build.0 = Release|Any CPU
	EndGlobalSection
EndGlobal
